<?xml version="1.0" encoding="utf-8"?>
<Project ToolsVersion="4.0" xmlns="http://schemas.microsoft.com/developer/msbuild/2003">
  <ItemGroup>
    <Filter Include="源文件">
      <UniqueIdentifier>{4FC737F1-C7A5-4376-A066-2A32D752A2FF}</UniqueIdentifier>
      <Extensions>cpp;c;cc;cxx;def;odl;idl;hpj;bat;asm;asmx</Extensions>
    </Filter>
    <Filter Include="头文件">
      <UniqueIdentifier>{93995380-89BD-4b04-88EB-625FBE52EBFB}</UniqueIdentifier>
      <Extensions>h;hh;hpp;hxx;hm;inl;inc;xsd</Extensions>
    </Filter>
    <Filter Include="资源文件">
      <UniqueIdentifier>{67DA6AB6-F800-4c08-8B7A-83BB121AAD01}</UniqueIdentifier>
      <Extensions>rc;ico;cur;bmp;dlg;rc2;rct;bin;rgs;gif;jpg;jpeg;jpe;resx;tiff;tif;png;wav;mfcribbon-ms</Extensions>
    </Filter>
  </ItemGroup>
  <ItemGroup>
    <Text Include="ReadMe.txt" />
  </ItemGroup>
  <ItemGroup>
    <ClInclude Include="MFCDatabase.h">
      <Filter>头文件</Filter>
    </ClInclude>
    <ClInclude Include="MFCDatabaseDlg.h">
      <Filter>头文件</Filter>
    </ClInclude>
    <ClInclude Include="stdafx.h">
      <Filter>头文件</Filter>
    </ClInclude>
    <ClInclude Include="targetver.h">
      <Filter>头文件</Filter>
    </ClInclude>
    <ClInclude Include="Resource.h">
      <Filter>头文件</Filter>
    </ClInclude>
    <ClInclude Include="Logon.h">
      <Filter>头文件</Filter>
    </ClInclude>
    <ClInclude Include="PersonDlg.h">
      <Filter>头文件</Filter>
    </ClInclude>
    <ClInclude Include="CangetDlg.h">
      <Filter>头文件</Filter>
    </ClInclude>
    <ClInclude Include="NotgetDlg.h">
      <Filter>头文件</Filter>
    </ClInclude>
    <ClInclude Include="MylendDlg.h">
      <Filter>头文件</Filter>
    </ClInclude>
    <ClInclude Include="SearchDlg.h">
      <Filter>头文件</Filter>
    </ClInclude>
    <ClInclude Include="AddbookDlg.h">
      <Filter>头文件</Filter>
    </ClInclude>
  </ItemGroup>
  <ItemGroup>
    <ClCompile Include="MFCDatabase.cpp">
      <Filter>源文件</Filter>
    </ClCompile>
    <ClCompile Include="MFCDatabaseDlg.cpp">
      <Filter>源文件</Filter>
    </ClCompile>
    <ClCompile Include="stdafx.cpp">
      <Filter>源文件</Filter>
    </ClCompile>
    <ClCompile Include="Logon.cpp">
      <Filter>源文件</Filter>
    </ClCompile>
    <ClCompile Include="PersonDlg.cpp">
      <Filter>源文件</Filter>
    </ClCompile>
    <ClCompile Include="CangetDlg.cpp">
      <Filter>源文件</Filter>
    </ClCompile>
    <ClCompile Include="NotgetDlg.cpp">
      <Filter>源文件</Filter>
    </ClCompile>
    <ClCompile Include="MylendDlg.cpp">
      <Filter>源文件</Filter>
    </ClCompile>
    <ClCompile Include="SearchDlg.cpp">
      <Filter>源文件</Filter>
    </ClCompile>
    <ClCompile Include="AddbookDlg.cpp">
      <Filter>源文件</Filter>
    </ClCompile>
  </ItemGroup>
  <ItemGroup>
    <ResourceCompile Include="MFCDatabase.rc">
      <Filter>资源文件</Filter>
    </ResourceCompile>
  </ItemGroup>
  <ItemGroup>
    <None Include="res\MFCDatabase.rc2">
      <Filter>资源文件</Filter>
    </None>
  </ItemGroup>
  <ItemGroup>
    <Image Include="res\MFCDatabase.ico">
      <Filter>资源文件</Filter>
    </Image>
  </ItemGroup>
</Project>